<?xml version="1.0" encoding="utf-8"?>
<Project ToolsVersion="4.0" xmlns="http://schemas.microsoft.com/developer/msbuild/2003">
  <ItemGroup>
    <Filter Include="dependencies">
      <UniqueIdentifier>{0bb50620-66ef-4822-93d8-08e136bbbf26}</UniqueIdentifier>
    </Filter>
    <Filter Include="include">
      <UniqueIdentifier>{7dbf6693-93c8-4c1f-8ca8-1cf8f9fdd152}</UniqueIdentifier>
    </Filter>
    <Filter Include="src">
      <UniqueIdentifier>{27d5c43a-b4c5-455b-86fb-3bfd59df15f5}</UniqueIdentifier>
    </Filter>
    <Filter Include="src\math">
      <UniqueIdentifier>{a25eca48-c302-4cd5-848a-9e52245d2d3c}</UniqueIdentifier>
    </Filter>
    <Filter Include="src\threading">
      <UniqueIdentifier>{3705ee84-c3cc-45bd-8909-2b8a03547361}</UniqueIdentifier>
    </Filter>
    <Filter Include="src\platform">
      <UniqueIdentifier>{73316a58-b799-4260-90fa-154c3668c056}</UniqueIdentifier>
    </Filter>
    <Filter Include="src\rendering">
      <UniqueIdentifier>{05487c95-8473-4338-8e35-949c4c47d36d}</UniqueIdentifier>
    </Filter>
    <Filter Include="src\rendering\shader">
      <UniqueIdentifier>{f6ae04d5-bbab-421d-87fe-455fb38ae8b5}</UniqueIdentifier>
    </Filter>
    <Filter Include="src\rendering\vulkan helper">
      <UniqueIdentifier>{72d90b73-031a-4ce2-b9e8-ccec4ee704c7}</UniqueIdentifier>
    </Filter>
    <Filter Include="src\util">
      <UniqueIdentifier>{da4a81d9-df42-4ca0-818a-6bdb9d965dae}</UniqueIdentifier>
    </Filter>
  </ItemGroup>
  <ItemGroup>
    <ClInclude Include="include\Daxa.hpp">
      <Filter>include</Filter>
    </ClInclude>
    <ClInclude Include="dependencies\stb_image.hpp">
      <Filter>dependencies</Filter>
    </ClInclude>
    <ClInclude Include="dependencies\tiny_obj_loader.hpp">
      <Filter>dependencies</Filter>
    </ClInclude>
    <ClInclude Include="dependencies\vk_mem_alloc.hpp">
      <Filter>dependencies</Filter>
    </ClInclude>
    <ClInclude Include="dependencies\VkBootstrap.hpp">
      <Filter>dependencies</Filter>
    </ClInclude>
    <ClInclude Include="src\DaxaCore.hpp">
      <Filter>src</Filter>
    </ClInclude>
    <ClInclude Include="src\math\Vec2.hpp">
      <Filter>src\math</Filter>
    </ClInclude>
    <ClInclude Include="src\math\Vec3.hpp">
      <Filter>src\math</Filter>
    </ClInclude>
    <ClInclude Include="src\math\Vec4.hpp">
      <Filter>src\math</Filter>
    </ClInclude>
    <ClInclude Include="src\math\math.hpp">
      <Filter>src\math</Filter>
    </ClInclude>
    <ClInclude Include="src\math\Rota2.hpp">
      <Filter>src\math</Filter>
    </ClInclude>
    <ClInclude Include="src\math\Mat.hpp">
      <Filter>src\math</Filter>
    </ClInclude>
    <ClInclude Include="src\math\Vec.hpp">
      <Filter>src\math</Filter>
    </ClInclude>
    <ClInclude Include="src\DaxaApplication.hpp">
      <Filter>src</Filter>
    </ClInclude>
    <ClInclude Include="src\threading\Jobs.hpp">
      <Filter>src\threading</Filter>
    </ClInclude>
    <ClInclude Include="src\threading\OwningMutex.hpp">
      <Filter>src\threading</Filter>
    </ClInclude>
    <ClInclude Include="src\platform\Window.hpp">
      <Filter>src\platform</Filter>
    </ClInclude>
    <ClInclude Include="src\rendering\vulkanhelper\Buffer.hpp">
      <Filter>src\rendering\vulkan helper</Filter>
    </ClInclude>
    <ClInclude Include="src\rendering\vulkanhelper\CommandPool.hpp">
      <Filter>src\rendering\vulkan helper</Filter>
    </ClInclude>
    <ClInclude Include="src\rendering\vulkanhelper\Pipeline.hpp">
      <Filter>src\rendering\vulkan helper</Filter>
    </ClInclude>
    <ClInclude Include="src\rendering\vulkanhelper\Pool.hpp">
      <Filter>src\rendering\vulkan helper</Filter>
    </ClInclude>
    <ClInclude Include="src\rendering\vulkanhelper\Shader.hpp">
      <Filter>src\rendering\vulkan helper</Filter>
    </ClInclude>
    <ClInclude Include="src\rendering\vulkanhelper\Vertex.hpp">
      <Filter>src\rendering\vulkan helper</Filter>
    </ClInclude>
    <ClInclude Include="src\rendering\Rendering.hpp">
      <Filter>src\rendering</Filter>
    </ClInclude>
    <ClInclude Include="src\rendering\SimpleMesh.hpp">
      <Filter>src\rendering</Filter>
    </ClInclude>
    <ClInclude Include="src\rendering\Vulkan.hpp">
      <Filter>src\rendering</Filter>
    </ClInclude>
    <ClInclude Include="src\rendering\vulkanhelper\Initialization.hpp">
      <Filter>src\rendering\vulkan helper</Filter>
    </ClInclude>
    <ClInclude Include="src\rendering\vulkanhelper\Framebuffer.hpp">
      <Filter>src\rendering\vulkan helper</Filter>
    </ClInclude>
    <ClInclude Include="src\rendering\vulkanhelper\Image.hpp">
      <Filter>src\rendering\vulkan helper</Filter>
    </ClInclude>
    <ClInclude Include="src\rendering\ImageManager.hpp">
      <Filter>src\rendering</Filter>
    </ClInclude>
  </ItemGroup>
  <ItemGroup>
    <ClCompile Include="dependencies\stb_image.cpp">
      <Filter>dependencies</Filter>
    </ClCompile>
    <ClCompile Include="dependencies\VkBootstrap.cpp">
      <Filter>dependencies</Filter>
    </ClCompile>
    <ClCompile Include="src\DaxaApplication.cpp">
      <Filter>src</Filter>
    </ClCompile>
    <ClCompile Include="src\threading\Jobs.cpp">
      <Filter>src\threading</Filter>
    </ClCompile>
    <ClCompile Include="src\Daxa.cpp">
      <Filter>src</Filter>
    </ClCompile>
    <ClCompile Include="src\platform\Window.cpp">
      <Filter>src\platform</Filter>
    </ClCompile>
    <ClCompile Include="dependencies\vk_mem_alloc.cpp">
      <Filter>dependencies</Filter>
    </ClCompile>
    <ClCompile Include="src\rendering\vulkanhelper\VulkanHelperCompilationUnit.cpp">
      <Filter>src\rendering\vulkan helper</Filter>
    </ClCompile>
    <ClCompile Include="src\rendering\SimpleMesh.cpp">
      <Filter>src\rendering</Filter>
    </ClCompile>
    <ClCompile Include="src\rendering\Vulkan.cpp">
      <Filter>src\rendering</Filter>
    </ClCompile>
    <ClCompile Include="src\rendering\RenderTypesCompilationUnit.cpp">
      <Filter>src\rendering</Filter>
    </ClCompile>
    <ClCompile Include="dependencies\tiny_obj_loader.cpp">
      <Filter>dependencies</Filter>
    </ClCompile>
    <ClCompile Include="src\rendering\ImageManager.cpp" />
  </ItemGroup>
  <ItemGroup>
    <None Include="src\rendering\shader\colortri.vert">
      <Filter>src\rendering\shader</Filter>
    </None>
    <None Include="src\rendering\shader\colortri.frag">
      <Filter>src\rendering\shader</Filter>
    </None>
    <None Include="src\rendering\shader\redtri.frag">
      <Filter>src\rendering\shader</Filter>
    </None>
    <None Include="src\rendering\shader\redtri.vert">
      <Filter>src\rendering\shader</Filter>
    </None>
    <None Include="src\rendering\shader\tri_mesh.vert">
      <Filter>src\rendering\shader</Filter>
    </None>
  </ItemGroup>
</Project>