<?xml version="1.0" encoding="utf-8"?>
<Project ToolsVersion="4.0" xmlns="http://schemas.microsoft.com/developer/msbuild/2003">
  <ItemGroup>
    <Filter Include="dependencies">
      <UniqueIdentifier>{0bb50620-66ef-4822-93d8-08e136bbbf26}</UniqueIdentifier>
    </Filter>
    <Filter Include="include">
      <UniqueIdentifier>{7dbf6693-93c8-4c1f-8ca8-1cf8f9fdd152}</UniqueIdentifier>
    </Filter>
    <Filter Include="src">
      <UniqueIdentifier>{27d5c43a-b4c5-455b-86fb-3bfd59df15f5}</UniqueIdentifier>
    </Filter>
    <Filter Include="src\math">
      <UniqueIdentifier>{a25eca48-c302-4cd5-848a-9e52245d2d3c}</UniqueIdentifier>
    </Filter>
    <Filter Include="src\threading">
      <UniqueIdentifier>{3705ee84-c3cc-45bd-8909-2b8a03547361}</UniqueIdentifier>
    </Filter>
    <Filter Include="src\platform">
      <UniqueIdentifier>{73316a58-b799-4260-90fa-154c3668c056}</UniqueIdentifier>
    </Filter>
    <Filter Include="src\rendering">
      <UniqueIdentifier>{05487c95-8473-4338-8e35-949c4c47d36d}</UniqueIdentifier>
    </Filter>
    <Filter Include="src\util">
      <UniqueIdentifier>{da4a81d9-df42-4ca0-818a-6bdb9d965dae}</UniqueIdentifier>
    </Filter>
    <Filter Include="src\rendering\managers">
      <UniqueIdentifier>{797e623e-85c3-4620-a4a8-b109ce8bd49e}</UniqueIdentifier>
    </Filter>
    <Filter Include="src\rendering\shaders">
      <UniqueIdentifier>{33c95795-1c21-4e29-8fc9-480a3fdcdd80}</UniqueIdentifier>
    </Filter>
    <Filter Include="src\entity">
      <UniqueIdentifier>{a2ab85e6-b341-4bdc-8c01-5325a1863b52}</UniqueIdentifier>
    </Filter>
    <Filter Include="src\gui">
      <UniqueIdentifier>{6af0a78b-d5f8-44bf-8dbc-8b3b8ca79b7f}</UniqueIdentifier>
    </Filter>
    <Filter Include="src\gui\base">
      <UniqueIdentifier>{a8498bb9-a01f-4b28-9165-a7f07501db10}</UniqueIdentifier>
    </Filter>
    <Filter Include="src\gui\common">
      <UniqueIdentifier>{e2ed38b7-0b13-4cc5-b33e-3f47271c6370}</UniqueIdentifier>
    </Filter>
    <Filter Include="src\gui\font">
      <UniqueIdentifier>{4052cb9f-4075-451d-a7fa-02ee8abe082e}</UniqueIdentifier>
    </Filter>
    <Filter Include="src\rendering\api_abstraction">
      <UniqueIdentifier>{791dcf9d-ae7d-4ee5-b7c2-74390e718e9c}</UniqueIdentifier>
    </Filter>
  </ItemGroup>
  <ItemGroup>
    <ClInclude Include="include\Daxa.hpp">
      <Filter>include</Filter>
    </ClInclude>
    <ClInclude Include="dependencies\stb_image.hpp">
      <Filter>dependencies</Filter>
    </ClInclude>
    <ClInclude Include="dependencies\tiny_obj_loader.hpp">
      <Filter>dependencies</Filter>
    </ClInclude>
    <ClInclude Include="dependencies\vk_mem_alloc.hpp">
      <Filter>dependencies</Filter>
    </ClInclude>
    <ClInclude Include="dependencies\VkBootstrap.hpp">
      <Filter>dependencies</Filter>
    </ClInclude>
    <ClInclude Include="src\DaxaCore.hpp">
      <Filter>src</Filter>
    </ClInclude>
    <ClInclude Include="src\math\Vec2.hpp">
      <Filter>src\math</Filter>
    </ClInclude>
    <ClInclude Include="src\math\Vec3.hpp">
      <Filter>src\math</Filter>
    </ClInclude>
    <ClInclude Include="src\math\Vec4.hpp">
      <Filter>src\math</Filter>
    </ClInclude>
    <ClInclude Include="src\math\math.hpp">
      <Filter>src\math</Filter>
    </ClInclude>
    <ClInclude Include="src\math\Rota2.hpp">
      <Filter>src\math</Filter>
    </ClInclude>
    <ClInclude Include="src\math\Mat.hpp">
      <Filter>src\math</Filter>
    </ClInclude>
    <ClInclude Include="src\math\Vec.hpp">
      <Filter>src\math</Filter>
    </ClInclude>
    <ClInclude Include="src\DaxaApplication.hpp">
      <Filter>src</Filter>
    </ClInclude>
    <ClInclude Include="src\threading\Jobs.hpp">
      <Filter>src\threading</Filter>
    </ClInclude>
    <ClInclude Include="src\threading\OwningMutex.hpp">
      <Filter>src\threading</Filter>
    </ClInclude>
    <ClInclude Include="src\platform\Window.hpp">
      <Filter>src\platform</Filter>
    </ClInclude>
    <ClInclude Include="src\rendering\Rendering.hpp">
      <Filter>src\rendering</Filter>
    </ClInclude>
    <ClInclude Include="src\rendering\SimpleMesh.hpp">
      <Filter>src\rendering</Filter>
    </ClInclude>
    <ClInclude Include="src\rendering\Vulkan.hpp">
      <Filter>src\rendering</Filter>
    </ClInclude>
    <ClInclude Include="src\util\Timing.hpp">
      <Filter>src\util</Filter>
    </ClInclude>
    <ClInclude Include="dependencies\vulkanhelper.hpp">
      <Filter>dependencies</Filter>
    </ClInclude>
    <ClInclude Include="src\rendering\Buffer.hpp">
      <Filter>src\rendering</Filter>
    </ClInclude>
    <ClInclude Include="src\rendering\Image.hpp">
      <Filter>src\rendering</Filter>
    </ClInclude>
    <ClInclude Include="src\rendering\ImageManager.hpp">
      <Filter>src\rendering\managers</Filter>
    </ClInclude>
    <ClInclude Include="src\rendering\SamplerManager.hpp">
      <Filter>src\rendering\managers</Filter>
    </ClInclude>
    <ClInclude Include="src\rendering\Renderer.hpp">
      <Filter>src\rendering</Filter>
    </ClInclude>
    <ClInclude Include="src\platform\Scancodes.hpp">
      <Filter>src\platform</Filter>
    </ClInclude>
    <ClInclude Include="src\rendering\ShaderUtil.hpp">
      <Filter>src\rendering</Filter>
    </ClInclude>
    <ClInclude Include="dependencies\spirv_reflect.hpp">
      <Filter>dependencies</Filter>
    </ClInclude>
    <ClInclude Include="src\entity\ECS.hpp">
      <Filter>src\entity</Filter>
    </ClInclude>
    <ClInclude Include="src\gui\GUIManager.hpp">
      <Filter>src\gui</Filter>
    </ClInclude>
    <ClInclude Include="src\gui\base\GUIDrawContext.hpp">
      <Filter>src\gui\base</Filter>
    </ClInclude>
    <ClInclude Include="src\gui\base\GUIDrawUtil.hpp">
      <Filter>src\gui\base</Filter>
    </ClInclude>
    <ClInclude Include="src\gui\base\GUIElement.hpp">
      <Filter>src\gui\base</Filter>
    </ClInclude>
    <ClInclude Include="src\gui\base\GUIRootElement.hpp">
      <Filter>src\gui\base</Filter>
    </ClInclude>
    <ClInclude Include="src\gui\base\GUIStyle.hpp">
      <Filter>src\gui\base</Filter>
    </ClInclude>
    <ClInclude Include="src\gui\base\GUITextUtil.hpp">
      <Filter>src\gui\base</Filter>
    </ClInclude>
    <ClInclude Include="src\gui\components\GUIChildAccess.hpp">
      <Filter>src\gui\common</Filter>
    </ClInclude>
    <ClInclude Include="src\gui\components\GUICommonElements.hpp">
      <Filter>src\gui\common</Filter>
    </ClInclude>
    <ClInclude Include="src\gui\components\GUICommonElementsDraw.hpp">
      <Filter>src\gui\common</Filter>
    </ClInclude>
    <ClInclude Include="src\gui\components\GUICommonElementsStyling.hpp">
      <Filter>src\gui\common</Filter>
    </ClInclude>
    <ClInclude Include="src\gui\components\GUIDragEvent.hpp">
      <Filter>src\gui\common</Filter>
    </ClInclude>
    <ClInclude Include="src\gui\components\GUIDraw.hpp">
      <Filter>src\gui\common</Filter>
    </ClInclude>
    <ClInclude Include="src\gui\components\GUIMouseEvent.hpp">
      <Filter>src\gui\common</Filter>
    </ClInclude>
    <ClInclude Include="src\gui\components\GUITextElements.hpp">
      <Filter>src\gui\common</Filter>
    </ClInclude>
    <ClInclude Include="src\gui\components\GUITextElementsDraw.hpp">
      <Filter>src\gui\common</Filter>
    </ClInclude>
    <ClInclude Include="src\gui\components\GUITextElementsStyling.hpp">
      <Filter>src\gui\common</Filter>
    </ClInclude>
    <ClInclude Include="src\gui\font\Font.hpp">
      <Filter>src\gui\font</Filter>
    </ClInclude>
    <ClInclude Include="src\gui\font\Glyph.hpp">
      <Filter>src\gui\font</Filter>
    </ClInclude>
    <ClInclude Include="src\util\StableVector.hpp">
      <Filter>src\util</Filter>
    </ClInclude>
    <ClInclude Include="src\rendering\CoordSystem2d.hpp">
      <Filter>src\rendering</Filter>
    </ClInclude>
    <ClInclude Include="src\rendering\Camera2d.hpp">
      <Filter>src\rendering</Filter>
    </ClInclude>
    <ClInclude Include="src\rendering\UISprite.hpp">
      <Filter>src\rendering</Filter>
    </ClInclude>
    <ClInclude Include="src\util\PagedIndexMap.hpp">
      <Filter>src\util</Filter>
    </ClInclude>
    <ClInclude Include="src\gui\font\FontManager.hpp">
      <Filter>src\gui\font</Filter>
    </ClInclude>
    <ClInclude Include="src\util\UUID.hpp">
      <Filter>src\util</Filter>
    </ClInclude>
    <ClInclude Include="src\rendering\Renderer2d.hpp">
      <Filter>src\rendering</Filter>
    </ClInclude>
    <ClInclude Include="src\DaxaInstance.hpp">
      <Filter>src</Filter>
    </ClInclude>
    <ClInclude Include="src\rendering\Camera.hpp">
      <Filter>src\rendering</Filter>
    </ClInclude>
    <ClInclude Include="src\rendering\api_abstration\Device.hpp">
      <Filter>src\rendering\api_abstraction</Filter>
    </ClInclude>
    <ClInclude Include="src\rendering\api_abstration\CommandList.hpp">
      <Filter>src\rendering\api_abstraction</Filter>
    </ClInclude>
    <ClInclude Include="src\rendering\api_abstration\Image.hpp">
      <Filter>src\rendering\api_abstraction</Filter>
    </ClInclude>
    <ClInclude Include="src\rendering\api_abstration\Buffer.hpp">
      <Filter>src\rendering\api_abstraction</Filter>
    </ClInclude>
    <ClInclude Include="src\rendering\api_abstration\Pipeline.hpp">
      <Filter>src\rendering\api_abstraction</Filter>
    </ClInclude>
    <ClInclude Include="src\rendering\api_abstration\common.hpp">
      <Filter>src\rendering\api_abstraction</Filter>
    </ClInclude>
  </ItemGroup>
  <ItemGroup>
    <ClCompile Include="dependencies\stb_image.cpp">
      <Filter>dependencies</Filter>
    </ClCompile>
    <ClCompile Include="dependencies\VkBootstrap.cpp">
      <Filter>dependencies</Filter>
    </ClCompile>
    <ClCompile Include="src\DaxaApplication.cpp">
      <Filter>src</Filter>
    </ClCompile>
    <ClCompile Include="src\threading\Jobs.cpp">
      <Filter>src\threading</Filter>
    </ClCompile>
    <ClCompile Include="src\Daxa.cpp">
      <Filter>src</Filter>
    </ClCompile>
    <ClCompile Include="src\platform\Window.cpp">
      <Filter>src\platform</Filter>
    </ClCompile>
    <ClCompile Include="dependencies\vk_mem_alloc.cpp">
      <Filter>dependencies</Filter>
    </ClCompile>
    <ClCompile Include="src\rendering\SimpleMesh.cpp">
      <Filter>src\rendering</Filter>
    </ClCompile>
    <ClCompile Include="src\rendering\Vulkan.cpp">
      <Filter>src\rendering</Filter>
    </ClCompile>
    <ClCompile Include="src\rendering\RenderTypesCompilationUnit.cpp">
      <Filter>src\rendering</Filter>
    </ClCompile>
    <ClCompile Include="dependencies\tiny_obj_loader.cpp">
      <Filter>dependencies</Filter>
    </ClCompile>
    <ClCompile Include="dependencies\vulkanhelper.cpp">
      <Filter>dependencies</Filter>
    </ClCompile>
    <ClCompile Include="src\rendering\ImageManager.cpp">
      <Filter>src\rendering\managers</Filter>
    </ClCompile>
    <ClCompile Include="src\platform\Scancodes.cpp">
      <Filter>src\platform</Filter>
    </ClCompile>
    <ClCompile Include="dependencies\spirv_reflect.cpp">
      <Filter>dependencies</Filter>
    </ClCompile>
    <ClCompile Include="src\gui\GUIManager.cpp">
      <Filter>src\gui</Filter>
    </ClCompile>
    <ClCompile Include="src\gui\base\GUIDrawContext.cpp">
      <Filter>src\gui\base</Filter>
    </ClCompile>
    <ClCompile Include="src\gui\font\Font.cpp">
      <Filter>src\gui\font</Filter>
    </ClCompile>
    <ClCompile Include="src\gui\font\Glyph.cpp">
      <Filter>src\gui\font</Filter>
    </ClCompile>
    <ClCompile Include="src\rendering\CoordSystem2d.cpp">
      <Filter>src\rendering</Filter>
    </ClCompile>
    <ClCompile Include="src\gui\font\FontManager.cpp">
      <Filter>src\gui\font</Filter>
    </ClCompile>
    <ClCompile Include="src\util\UUID.cpp">
      <Filter>src\util</Filter>
    </ClCompile>
    <ClCompile Include="src\rendering\api_abstration\Device.cpp">
      <Filter>src\rendering\api_abstraction</Filter>
    </ClCompile>
    <ClCompile Include="src\rendering\api_abstration\Image.cpp">
      <Filter>src\rendering\api_abstraction</Filter>
    </ClCompile>
    <ClCompile Include="src\rendering\api_abstration\Buffer.cpp">
      <Filter>src\rendering\api_abstraction</Filter>
    </ClCompile>
    <ClCompile Include="src\rendering\api_abstration\CommandList.cpp">
      <Filter>src\rendering\api_abstraction</Filter>
    </ClCompile>
  </ItemGroup>
  <ItemGroup>
    <None Include="shaders\mesh.frag">
      <Filter>src\rendering\shaders</Filter>
    </None>
    <None Include="shaders\mesh.vert">
      <Filter>src\rendering\shaders</Filter>
    </None>
  </ItemGroup>
</Project>