<?xml version="1.0" encoding="utf-8"?>
<Project ToolsVersion="4.0" xmlns="http://schemas.microsoft.com/developer/msbuild/2003">
  <ItemGroup>
    <Filter Include="dependencies">
      <UniqueIdentifier>{0bb50620-66ef-4822-93d8-08e136bbbf26}</UniqueIdentifier>
    </Filter>
    <Filter Include="include">
      <UniqueIdentifier>{7dbf6693-93c8-4c1f-8ca8-1cf8f9fdd152}</UniqueIdentifier>
    </Filter>
    <Filter Include="src">
      <UniqueIdentifier>{27d5c43a-b4c5-455b-86fb-3bfd59df15f5}</UniqueIdentifier>
    </Filter>
    <Filter Include="src\math">
      <UniqueIdentifier>{a25eca48-c302-4cd5-848a-9e52245d2d3c}</UniqueIdentifier>
    </Filter>
    <Filter Include="src\types">
      <UniqueIdentifier>{d09e8861-4a63-4092-bcf9-5051db7eca8a}</UniqueIdentifier>
    </Filter>
  </ItemGroup>
  <ItemGroup>
    <ClInclude Include="include\Daxa.hpp">
      <Filter>include</Filter>
    </ClInclude>
    <ClInclude Include="dependencies\stb_image.hpp">
      <Filter>dependencies</Filter>
    </ClInclude>
    <ClInclude Include="dependencies\tiny_obj_loader.hpp">
      <Filter>dependencies</Filter>
    </ClInclude>
    <ClInclude Include="dependencies\vk_mem_alloc.hpp">
      <Filter>dependencies</Filter>
    </ClInclude>
    <ClInclude Include="dependencies\VkBootstrap.hpp">
      <Filter>dependencies</Filter>
    </ClInclude>
    <ClInclude Include="src\DaxaCore.hpp">
      <Filter>src</Filter>
    </ClInclude>
    <ClInclude Include="src\math\Vec2.hpp">
      <Filter>src\math</Filter>
    </ClInclude>
    <ClInclude Include="src\math\Vec3.hpp">
      <Filter>src\math</Filter>
    </ClInclude>
    <ClInclude Include="src\math\Vec4.hpp">
      <Filter>src\math</Filter>
    </ClInclude>
    <ClInclude Include="src\math\math.hpp">
      <Filter>src\math</Filter>
    </ClInclude>
    <ClInclude Include="src\math\Rota2.hpp">
      <Filter>src\math</Filter>
    </ClInclude>
    <ClInclude Include="src\types\OwningMutex.hpp">
      <Filter>src\types</Filter>
    </ClInclude>
  </ItemGroup>
  <ItemGroup>
    <ClCompile Include="dependencies\stb_image.cpp">
      <Filter>dependencies</Filter>
    </ClCompile>
    <ClCompile Include="dependencies\VkBootstrap.cpp">
      <Filter>dependencies</Filter>
    </ClCompile>
  </ItemGroup>
</Project>